{
  "name": "FigmaEX-Installer",
  "version": "1.0.0",
  "lockfileVersion": 2,
  "requires": true,
  "packages": {
    "": {
      "name": "FigmaEX-Installer",
      "version": "1.0.0",
      "license": "ISC",
      "dependencies": {
        "asar": "^3.0.3",
        "chalk": "^4.1.0",
        "fs-extra": "^9.1.0",
        "glob": "^7.1.6",
        "inquirer": "^8.0.0",
        "semver": "^7.3.5"
      },
      "bin": {
        "FigmaEX-Installer": "src/index.js"
      }
    },
    "node_modules/@types/glob": {
      "version": "7.1.3",
      "resolved": "https://registry.npm.taobao.org/@types/glob/download/@types/glob-7.1.3.tgz?cache=0&sync_timestamp=1613378590724&other_urls=https%3A%2F%2Fregistry.npm.taobao.org%2F%40types%2Fglob%2Fdownload%2F%40types%2Fglob-7.1.3.tgz",
      "integrity": "sha1-5rqA82t9qtLGhazZJmOC5omFwYM=",
      "optional": true,
      "dependencies": {
        "@types/minimatch": "*",
        "@types/node": "*"
      }
    },
    "node_modules/@types/minimatch": {
      "version": "3.0.4",
      "resolved": "https://registry.npm.taobao.org/@types/minimatch/download/@types/minimatch-3.0.4.tgz",
      "integrity": "sha1-8Owl2/Lw5LGGRzE6wDETTKWySyE=",
      "optional": true
    },
    "node_modules/@types/node": {
      "version": "14.14.37",
      "resolved": "https://registry.npm.taobao.org/@types/node/download/@types/node-14.14.37.tgz",
      "integrity": "sha1-o92NpOuEqZbDbjMd+Y2Cq9drUW4=",
      "optional": true
    },
    "node_modules/ansi-escapes": {
      "version": "4.3.2",
      "resolved": "https://registry.npm.taobao.org/ansi-escapes/download/ansi-escapes-4.3.2.tgz",
      "integrity": "sha1-ayKR0dt9mLZSHV8e+kLQ86n+tl4=",
      "dependencies": {
        "type-fest": "^0.21.3"
      },
      "engines": {
        "node": ">=8"
      }
    },
    "node_modules/ansi-regex": {
      "version": "5.0.0",
      "resolved": "https://registry.npm.taobao.org/ansi-regex/download/ansi-regex-5.0.0.tgz",
      "integrity": "sha1-OIU59VF5vzkznIGvMKZU1p+Hy3U=",
      "engines": {
        "node": ">=8"
      }
    },
    "node_modules/ansi-styles": {
      "version": "4.3.0",
      "resolved": "https://registry.npm.taobao.org/ansi-styles/download/ansi-styles-4.3.0.tgz?cache=0&other_urls=https%3A%2F%2Fregistry.npm.taobao.org%2Fansi-styles%2Fdownload%2Fansi-styles-4.3.0.tgz",
      "integrity": "sha1-7dgDYornHATIWuegkG7a00tkiTc=",
      "dependencies": {
        "color-convert": "^2.0.1"
      },
      "engines": {
        "node": ">=8"
      }
    },
    "node_modules/asar": {
      "version": "3.0.3",
      "resolved": "https://registry.npm.taobao.org/asar/download/asar-3.0.3.tgz",
      "integrity": "sha1-H+8DwtbS3gy60Th4jk964DsSnHs=",
      "dependencies": {
        "chromium-pickle-js": "^0.2.0",
        "commander": "^5.0.0",
        "glob": "^7.1.6",
        "minimatch": "^3.0.4"
      },
      "bin": {
        "asar": "bin/asar.js"
      },
      "engines": {
        "node": ">=10.12.0"
      },
      "optionalDependencies": {
        "@types/glob": "^7.1.1"
      }
    },
    "node_modules/at-least-node": {
      "version": "1.0.0",
      "resolved": "https://registry.npm.taobao.org/at-least-node/download/at-least-node-1.0.0.tgz",
      "integrity": "sha1-YCzUtG6EStTv/JKoARo8RuAjjcI=",
      "engines": {
        "node": ">= 4.0.0"
      }
    },
    "node_modules/balanced-match": {
      "version": "1.0.2",
      "resolved": "https://registry.npm.taobao.org/balanced-match/download/balanced-match-1.0.2.tgz?cache=0&sync_timestamp=1617714298273&other_urls=https%3A%2F%2Fregistry.npm.taobao.org%2Fbalanced-match%2Fdownload%2Fbalanced-match-1.0.2.tgz",
      "integrity": "sha1-6D46fj8wCzTLnYf2FfoMvzV2kO4="
    },
    "node_modules/brace-expansion": {
      "version": "1.1.11",
      "resolved": "https://registry.npm.taobao.org/brace-expansion/download/brace-expansion-1.1.11.tgz?cache=0&sync_timestamp=1614010785257&other_urls=https%3A%2F%2Fregistry.npm.taobao.org%2Fbrace-expansion%2Fdownload%2Fbrace-expansion-1.1.11.tgz",
      "integrity": "sha1-PH/L9SnYcibz0vUrlm/1Jx60Qd0=",
      "dependencies": {
        "balanced-match": "^1.0.0",
        "concat-map": "0.0.1"
      }
    },
    "node_modules/chalk": {
      "version": "4.1.0",
      "resolved": "https://registry.npm.taobao.org/chalk/download/chalk-4.1.0.tgz",
      "integrity": "sha1-ThSHCmGNni7dl92DRf2dncMVZGo=",
      "dependencies": {
        "ansi-styles": "^4.1.0",
        "supports-color": "^7.1.0"
      },
      "engines": {
        "node": ">=10"
      }
    },
    "node_modules/chardet": {
      "version": "0.7.0",
      "resolved": "https://registry.npm.taobao.org/chardet/download/chardet-0.7.0.tgz",
      "integrity": "sha1-kAlISfCTfy7twkJdDSip5fDLrZ4="
    },
    "node_modules/chromium-pickle-js": {
      "version": "0.2.0",
      "resolved": "https://registry.npm.taobao.org/chromium-pickle-js/download/chromium-pickle-js-0.2.0.tgz",
      "integrity": "sha1-BKEGZywYsIWrd02YPfo+oTjyIgU="
    },
    "node_modules/cli-cursor": {
      "version": "3.1.0",
      "resolved": "https://registry.npm.taobao.org/cli-cursor/download/cli-cursor-3.1.0.tgz",
      "integrity": "sha1-JkMFp65JDR0Dvwybp8kl0XU68wc=",
      "dependencies": {
        "restore-cursor": "^3.1.0"
      },
      "engines": {
        "node": ">=8"
      }
    },
    "node_modules/cli-width": {
      "version": "3.0.0",
      "resolved": "https://registry.npm.taobao.org/cli-width/download/cli-width-3.0.0.tgz",
      "integrity": "sha1-ovSEN6LKqaIkNueUvwceyeYc7fY=",
      "engines": {
        "node": ">= 10"
      }
    },
    "node_modules/color-convert": {
      "version": "2.0.1",
      "resolved": "https://registry.npm.taobao.org/color-convert/download/color-convert-2.0.1.tgz?cache=0&other_urls=https%3A%2F%2Fregistry.npm.taobao.org%2Fcolor-convert%2Fdownload%2Fcolor-convert-2.0.1.tgz",
      "integrity": "sha1-ctOmjVmMm9s68q0ehPIdiWq9TeM=",
      "dependencies": {
        "color-name": "~1.1.4"
      },
      "engines": {
        "node": ">=7.0.0"
      }
    },
    "node_modules/color-name": {
      "version": "1.1.4",
      "resolved": "https://registry.npm.taobao.org/color-name/download/color-name-1.1.4.tgz",
      "integrity": "sha1-wqCah6y95pVD3m9j+jmVyCbFNqI="
    },
    "node_modules/commander": {
      "version": "5.1.0",
      "resolved": "https://registry.npm.taobao.org/commander/download/commander-5.1.0.tgz",
      "integrity": "sha1-Rqu9FlL44Fm92u+Zu9yyrZzxea4=",
      "engines": {
        "node": ">= 6"
      }
    },
    "node_modules/concat-map": {
      "version": "0.0.1",
      "resolved": "https://registry.npm.taobao.org/concat-map/download/concat-map-0.0.1.tgz",
      "integrity": "sha1-2Klr13/Wjfd5OnMDajug1UBdR3s="
    },
    "node_modules/emoji-regex": {
      "version": "8.0.0",
      "resolved": "https://registry.npm.taobao.org/emoji-regex/download/emoji-regex-8.0.0.tgz?cache=0&sync_timestamp=1614682725186&other_urls=https%3A%2F%2Fregistry.npm.taobao.org%2Femoji-regex%2Fdownload%2Femoji-regex-8.0.0.tgz",
      "integrity": "sha1-6Bj9ac5cz8tARZT4QpY79TFkzDc="
    },
    "node_modules/escape-string-regexp": {
      "version": "1.0.5",
      "resolved": "https://registry.npm.taobao.org/escape-string-regexp/download/escape-string-regexp-1.0.5.tgz",
      "integrity": "sha1-G2HAViGQqN/2rjuyzwIAyhMLhtQ=",
      "engines": {
        "node": ">=0.8.0"
      }
    },
    "node_modules/external-editor": {
      "version": "3.1.0",
      "resolved": "https://registry.npm.taobao.org/external-editor/download/external-editor-3.1.0.tgz",
      "integrity": "sha1-ywP3QL764D6k0oPK7SdBqD8zVJU=",
      "dependencies": {
        "chardet": "^0.7.0",
        "iconv-lite": "^0.4.24",
        "tmp": "^0.0.33"
      },
      "engines": {
        "node": ">=4"
      }
    },
    "node_modules/figures": {
      "version": "3.2.0",
      "resolved": "https://registry.npm.taobao.org/figures/download/figures-3.2.0.tgz",
      "integrity": "sha1-YlwYvSk8YE3EqN2y/r8MiDQXRq8=",
      "dependencies": {
        "escape-string-regexp": "^1.0.5"
      },
      "engines": {
        "node": ">=8"
      }
    },
    "node_modules/fs-extra": {
      "version": "9.1.0",
      "resolved": "https://registry.npm.taobao.org/fs-extra/download/fs-extra-9.1.0.tgz?cache=0&sync_timestamp=1611075555649&other_urls=https%3A%2F%2Fregistry.npm.taobao.org%2Ffs-extra%2Fdownload%2Ffs-extra-9.1.0.tgz",
      "integrity": "sha1-WVRGDHZKjaIJS6NVS/g55rmnyG0=",
      "dependencies": {
        "at-least-node": "^1.0.0",
        "graceful-fs": "^4.2.0",
        "jsonfile": "^6.0.1",
        "universalify": "^2.0.0"
      },
      "engines": {
        "node": ">=10"
      }
    },
    "node_modules/fs.realpath": {
      "version": "1.0.0",
      "resolved": "https://registry.npm.taobao.org/fs.realpath/download/fs.realpath-1.0.0.tgz",
      "integrity": "sha1-FQStJSMVjKpA20onh8sBQRmU6k8="
    },
    "node_modules/glob": {
      "version": "7.1.6",
      "resolved": "https://registry.npm.taobao.org/glob/download/glob-7.1.6.tgz?cache=0&sync_timestamp=1573078079496&other_urls=https%3A%2F%2Fregistry.npm.taobao.org%2Fglob%2Fdownload%2Fglob-7.1.6.tgz",
      "integrity": "sha1-FB8zuBp8JJLhJVlDB0gMRmeSeKY=",
      "dependencies": {
        "fs.realpath": "^1.0.0",
        "inflight": "^1.0.4",
        "inherits": "2",
        "minimatch": "^3.0.4",
        "once": "^1.3.0",
        "path-is-absolute": "^1.0.0"
      },
      "engines": {
        "node": "*"
      }
    },
    "node_modules/graceful-fs": {
      "version": "4.2.6",
      "resolved": "https://registry.npm.taobao.org/graceful-fs/download/graceful-fs-4.2.6.tgz",
      "integrity": "sha1-/wQLKwhTsjw9MQJ1I3BvGIXXa+4="
    },
    "node_modules/has-flag": {
      "version": "4.0.0",
      "resolved": "https://registry.npm.taobao.org/has-flag/download/has-flag-4.0.0.tgz",
      "integrity": "sha1-lEdx/ZyByBJlxNaUGGDaBrtZR5s=",
      "engines": {
        "node": ">=8"
      }
    },
    "node_modules/iconv-lite": {
      "version": "0.4.24",
      "resolved": "https://registry.npm.taobao.org/iconv-lite/download/iconv-lite-0.4.24.tgz",
      "integrity": "sha1-ICK0sl+93CHS9SSXSkdKr+czkIs=",
      "dependencies": {
        "safer-buffer": ">= 2.1.2 < 3"
      },
      "engines": {
        "node": ">=0.10.0"
      }
    },
    "node_modules/inflight": {
      "version": "1.0.6",
      "resolved": "https://registry.npm.taobao.org/inflight/download/inflight-1.0.6.tgz",
      "integrity": "sha1-Sb1jMdfQLQwJvJEKEHW6gWW1bfk=",
      "dependencies": {
        "once": "^1.3.0",
        "wrappy": "1"
      }
    },
    "node_modules/inherits": {
      "version": "2.0.4",
      "resolved": "https://registry.npm.taobao.org/inherits/download/inherits-2.0.4.tgz",
      "integrity": "sha1-D6LGT5MpF8NDOg3tVTY6rjdBa3w="
    },
    "node_modules/inquirer": {
      "version": "8.0.0",
      "resolved": "https://registry.npm.taobao.org/inquirer/download/inquirer-8.0.0.tgz?cache=0&sync_timestamp=1614296694538&other_urls=https%3A%2F%2Fregistry.npm.taobao.org%2Finquirer%2Fdownload%2Finquirer-8.0.0.tgz",
      "integrity": "sha1-lXpG2xq88P3Sq4Let0cOkK/H0Kw=",
      "dependencies": {
        "ansi-escapes": "^4.2.1",
        "chalk": "^4.1.0",
        "cli-cursor": "^3.1.0",
        "cli-width": "^3.0.0",
        "external-editor": "^3.0.3",
        "figures": "^3.0.0",
        "lodash": "^4.17.21",
        "mute-stream": "0.0.8",
        "run-async": "^2.4.0",
        "rxjs": "^6.6.6",
        "string-width": "^4.1.0",
        "strip-ansi": "^6.0.0",
        "through": "^2.3.6"
      },
      "engines": {
        "node": ">=8.0.0"
      }
    },
    "node_modules/is-fullwidth-code-point": {
      "version": "3.0.0",
      "resolved": "https://registry.npm.taobao.org/is-fullwidth-code-point/download/is-fullwidth-code-point-3.0.0.tgz",
      "integrity": "sha1-8Rb4Bk/pCz94RKOJl8C3UFEmnx0=",
      "engines": {
        "node": ">=8"
      }
    },
    "node_modules/jsonfile": {
      "version": "6.1.0",
      "resolved": "https://registry.npm.taobao.org/jsonfile/download/jsonfile-6.1.0.tgz?cache=0&sync_timestamp=1604161912962&other_urls=https%3A%2F%2Fregistry.npm.taobao.org%2Fjsonfile%2Fdownload%2Fjsonfile-6.1.0.tgz",
      "integrity": "sha1-vFWyY0eTxnnsZAMJTrE2mKbsCq4=",
      "dependencies": {
        "universalify": "^2.0.0"
      },
      "optionalDependencies": {
        "graceful-fs": "^4.1.6"
      }
    },
    "node_modules/lodash": {
      "version": "4.17.21",
      "resolved": "https://registry.npm.taobao.org/lodash/download/lodash-4.17.21.tgz",
      "integrity": "sha1-Z5WRxWTDv/quhFTPCz3zcMPWkRw="
    },
    "node_modules/lru-cache": {
      "version": "6.0.0",
      "resolved": "https://registry.npm.taobao.org/lru-cache/download/lru-cache-6.0.0.tgz?cache=0&sync_timestamp=1594427519396&other_urls=https%3A%2F%2Fregistry.npm.taobao.org%2Flru-cache%2Fdownload%2Flru-cache-6.0.0.tgz",
      "integrity": "sha1-bW/mVw69lqr5D8rR2vo7JWbbOpQ=",
      "dependencies": {
        "yallist": "^4.0.0"
      },
      "engines": {
        "node": ">=10"
      }
    },
    "node_modules/mimic-fn": {
      "version": "2.1.0",
      "resolved": "https://registry.npm.taobao.org/mimic-fn/download/mimic-fn-2.1.0.tgz?cache=0&sync_timestamp=1617823691963&other_urls=https%3A%2F%2Fregistry.npm.taobao.org%2Fmimic-fn%2Fdownload%2Fmimic-fn-2.1.0.tgz",
      "integrity": "sha1-ftLCzMyvhNP/y3pptXcR/CCDQBs=",
      "engines": {
        "node": ">=6"
      }
    },
    "node_modules/minimatch": {
      "version": "3.0.4",
      "resolved": "https://registry.npm.taobao.org/minimatch/download/minimatch-3.0.4.tgz",
      "integrity": "sha1-UWbihkV/AzBgZL5Ul+jbsMPTIIM=",
      "dependencies": {
        "brace-expansion": "^1.1.7"
      },
      "engines": {
        "node": "*"
      }
    },
    "node_modules/mute-stream": {
      "version": "0.0.8",
      "resolved": "https://registry.npm.taobao.org/mute-stream/download/mute-stream-0.0.8.tgz",
      "integrity": "sha1-FjDEKyJR/4HiooPelqVJfqkuXg0="
    },
    "node_modules/once": {
      "version": "1.4.0",
      "resolved": "https://registry.npm.taobao.org/once/download/once-1.4.0.tgz",
      "integrity": "sha1-WDsap3WWHUsROsF9nFC6753Xa9E=",
      "dependencies": {
        "wrappy": "1"
      }
    },
    "node_modules/onetime": {
      "version": "5.1.2",
      "resolved": "https://registry.npm.taobao.org/onetime/download/onetime-5.1.2.tgz",
      "integrity": "sha1-0Oluu1awdHbfHdnEgG5SN5hcpF4=",
      "dependencies": {
        "mimic-fn": "^2.1.0"
      },
      "engines": {
        "node": ">=6"
      }
    },
    "node_modules/os-tmpdir": {
      "version": "1.0.2",
      "resolved": "https://registry.npm.taobao.org/os-tmpdir/download/os-tmpdir-1.0.2.tgz",
      "integrity": "sha1-u+Z0BseaqFxc/sdm/lc0VV36EnQ=",
      "engines": {
        "node": ">=0.10.0"
      }
    },
    "node_modules/path-is-absolute": {
      "version": "1.0.1",
      "resolved": "https://registry.npm.taobao.org/path-is-absolute/download/path-is-absolute-1.0.1.tgz",
      "integrity": "sha1-F0uSaHNVNP+8es5r9TpanhtcX18=",
      "engines": {
        "node": ">=0.10.0"
      }
    },
    "node_modules/restore-cursor": {
      "version": "3.1.0",
      "resolved": "https://registry.npm.taobao.org/restore-cursor/download/restore-cursor-3.1.0.tgz",
      "integrity": "sha1-OfZ8VLOnpYzqUjbZXPADQjljH34=",
      "dependencies": {
        "onetime": "^5.1.0",
        "signal-exit": "^3.0.2"
      },
      "engines": {
        "node": ">=8"
      }
    },
    "node_modules/run-async": {
      "version": "2.4.1",
      "resolved": "https://registry.npm.taobao.org/run-async/download/run-async-2.4.1.tgz",
      "integrity": "sha1-hEDsz5nqPnC9QJ1JqriOEMGJpFU=",
      "engines": {
        "node": ">=0.12.0"
      }
    },
    "node_modules/rxjs": {
      "version": "6.6.7",
      "resolved": "https://registry.npm.taobao.org/rxjs/download/rxjs-6.6.7.tgz",
      "integrity": "sha1-kKwBisq/SRv2UEQjXVhjxNq4BMk=",
      "dependencies": {
        "tslib": "^1.9.0"
      },
      "engines": {
        "npm": ">=2.0.0"
      }
    },
    "node_modules/safer-buffer": {
      "version": "2.1.2",
      "resolved": "https://registry.npm.taobao.org/safer-buffer/download/safer-buffer-2.1.2.tgz",
      "integrity": "sha1-RPoWGwGHuVSd2Eu5GAL5vYOFzWo="
    },
    "node_modules/semver": {
      "version": "7.3.5",
      "resolved": "https://registry.npm.taobao.org/semver/download/semver-7.3.5.tgz?cache=0&sync_timestamp=1616463540350&other_urls=https%3A%2F%2Fregistry.npm.taobao.org%2Fsemver%2Fdownload%2Fsemver-7.3.5.tgz",
      "integrity": "sha1-C2Ich5NI2JmOSw5L6Us/EuYBjvc=",
      "dependencies": {
        "lru-cache": "^6.0.0"
      },
      "bin": {
        "semver": "bin/semver.js"
      },
      "engines": {
        "node": ">=10"
      }
    },
    "node_modules/signal-exit": {
      "version": "3.0.3",
      "resolved": "https://registry.npm.taobao.org/signal-exit/download/signal-exit-3.0.3.tgz",
      "integrity": "sha1-oUEMLt2PB3sItOJTyOrPyvBXRhw="
    },
    "node_modules/string-width": {
      "version": "4.2.2",
      "resolved": "https://registry.npm.taobao.org/string-width/download/string-width-4.2.2.tgz?cache=0&sync_timestamp=1614522217971&other_urls=https%3A%2F%2Fregistry.npm.taobao.org%2Fstring-width%2Fdownload%2Fstring-width-4.2.2.tgz",
      "integrity": "sha1-2v1PlVmnWFz7pSnGoKT3NIjr1MU=",
      "dependencies": {
        "emoji-regex": "^8.0.0",
        "is-fullwidth-code-point": "^3.0.0",
        "strip-ansi": "^6.0.0"
      },
      "engines": {
        "node": ">=8"
      }
    },
    "node_modules/strip-ansi": {
      "version": "6.0.0",
      "resolved": "https://registry.npm.taobao.org/strip-ansi/download/strip-ansi-6.0.0.tgz",
      "integrity": "sha1-CxVx3XZpzNTz4G4U7x7tJiJa5TI=",
      "dependencies": {
        "ansi-regex": "^5.0.0"
      },
      "engines": {
        "node": ">=8"
      }
    },
    "node_modules/supports-color": {
      "version": "7.2.0",
      "resolved": "https://registry.npm.taobao.org/supports-color/download/supports-color-7.2.0.tgz?cache=0&sync_timestamp=1611394023277&other_urls=https%3A%2F%2Fregistry.npm.taobao.org%2Fsupports-color%2Fdownload%2Fsupports-color-7.2.0.tgz",
      "integrity": "sha1-G33NyzK4E4gBs+R4umpRyqiWSNo=",
      "dependencies": {
        "has-flag": "^4.0.0"
      },
      "engines": {
        "node": ">=8"
      }
    },
    "node_modules/through": {
      "version": "2.3.8",
      "resolved": "https://registry.npm.taobao.org/through/download/through-2.3.8.tgz",
      "integrity": "sha1-DdTJ/6q8NXlgsbckEV1+Doai4fU="
    },
    "node_modules/tmp": {
      "version": "0.0.33",
      "resolved": "https://registry.npm.taobao.org/tmp/download/tmp-0.0.33.tgz",
      "integrity": "sha1-bTQzWIl2jSGyvNoKonfO07G/rfk=",
      "dependencies": {
        "os-tmpdir": "~1.0.2"
      },
      "engines": {
        "node": ">=0.6.0"
      }
    },
    "node_modules/tslib": {
      "version": "1.14.1",
      "resolved": "https://registry.npm.taobao.org/tslib/download/tslib-1.14.1.tgz?cache=0&sync_timestamp=1617648005378&other_urls=https%3A%2F%2Fregistry.npm.taobao.org%2Ftslib%2Fdownload%2Ftslib-1.14.1.tgz",
      "integrity": "sha1-zy04vcNKE0vK8QkcQfZhni9nLQA="
    },
    "node_modules/type-fest": {
      "version": "0.21.3",
      "resolved": "https://registry.npm.taobao.org/type-fest/download/type-fest-0.21.3.tgz?cache=0&sync_timestamp=1616514450961&other_urls=https%3A%2F%2Fregistry.npm.taobao.org%2Ftype-fest%2Fdownload%2Ftype-fest-0.21.3.tgz",
      "integrity": "sha1-0mCiSwGYQ24TP6JqUkptZfo7Ljc=",
      "engines": {
        "node": ">=10"
      }
    },
    "node_modules/universalify": {
      "version": "2.0.0",
      "resolved": "https://registry.npm.taobao.org/universalify/download/universalify-2.0.0.tgz?cache=0&sync_timestamp=1603179970052&other_urls=https%3A%2F%2Fregistry.npm.taobao.org%2Funiversalify%2Fdownload%2Funiversalify-2.0.0.tgz",
      "integrity": "sha1-daSYTv7cSwiXXFrrc/Uw0C3yVxc=",
      "engines": {
        "node": ">= 10.0.0"
      }
    },
    "node_modules/wrappy": {
      "version": "1.0.2",
      "resolved": "https://registry.npm.taobao.org/wrappy/download/wrappy-1.0.2.tgz",
      "integrity": "sha1-tSQ9jz7BqjXxNkYFvA0QNuMKtp8="
    },
    "node_modules/yallist": {
      "version": "4.0.0",
      "resolved": "https://registry.npm.taobao.org/yallist/download/yallist-4.0.0.tgz?cache=0&other_urls=https%3A%2F%2Fregistry.npm.taobao.org%2Fyallist%2Fdownload%2Fyallist-4.0.0.tgz",
      "integrity": "sha1-m7knkNnA7/7GO+c1GeEaNQGaOnI="
    }
  },
  "dependencies": {
    "@types/glob": {
      "version": "7.1.3",
      "resolved": "https://registry.npm.taobao.org/@types/glob/download/@types/glob-7.1.3.tgz?cache=0&sync_timestamp=1613378590724&other_urls=https%3A%2F%2Fregistry.npm.taobao.org%2F%40types%2Fglob%2Fdownload%2F%40types%2Fglob-7.1.3.tgz",
      "integrity": "sha1-5rqA82t9qtLGhazZJmOC5omFwYM=",
      "optional": true,
      "requires": {
        "@types/minimatch": "*",
        "@types/node": "*"
      }
    },
    "@types/minimatch": {
      "version": "3.0.4",
      "resolved": "https://registry.npm.taobao.org/@types/minimatch/download/@types/minimatch-3.0.4.tgz",
      "integrity": "sha1-8Owl2/Lw5LGGRzE6wDETTKWySyE=",
      "optional": true
    },
    "@types/node": {
      "version": "14.14.37",
      "resolved": "https://registry.npm.taobao.org/@types/node/download/@types/node-14.14.37.tgz",
      "integrity": "sha1-o92NpOuEqZbDbjMd+Y2Cq9drUW4=",
      "optional": true
    },
    "ansi-escapes": {
      "version": "4.3.2",
      "resolved": "https://registry.npm.taobao.org/ansi-escapes/download/ansi-escapes-4.3.2.tgz",
      "integrity": "sha1-ayKR0dt9mLZSHV8e+kLQ86n+tl4=",
      "requires": {
        "type-fest": "^0.21.3"
      }
    },
    "ansi-regex": {
      "version": "5.0.0",
      "resolved": "https://registry.npm.taobao.org/ansi-regex/download/ansi-regex-5.0.0.tgz",
      "integrity": "sha1-OIU59VF5vzkznIGvMKZU1p+Hy3U="
    },
    "ansi-styles": {
      "version": "4.3.0",
      "resolved": "https://registry.npm.taobao.org/ansi-styles/download/ansi-styles-4.3.0.tgz?cache=0&other_urls=https%3A%2F%2Fregistry.npm.taobao.org%2Fansi-styles%2Fdownload%2Fansi-styles-4.3.0.tgz",
      "integrity": "sha1-7dgDYornHATIWuegkG7a00tkiTc=",
      "requires": {
        "color-convert": "^2.0.1"
      }
    },
    "asar": {
      "version": "3.0.3",
      "resolved": "https://registry.npm.taobao.org/asar/download/asar-3.0.3.tgz",
      "integrity": "sha1-H+8DwtbS3gy60Th4jk964DsSnHs=",
      "requires": {
        "@types/glob": "^7.1.1",
        "chromium-pickle-js": "^0.2.0",
        "commander": "^5.0.0",
        "glob": "^7.1.6",
        "minimatch": "^3.0.4"
      }
    },
    "at-least-node": {
      "version": "1.0.0",
      "resolved": "https://registry.npm.taobao.org/at-least-node/download/at-least-node-1.0.0.tgz",
      "integrity": "sha1-YCzUtG6EStTv/JKoARo8RuAjjcI="
    },
    "balanced-match": {
      "version": "1.0.2",
      "resolved": "https://registry.npm.taobao.org/balanced-match/download/balanced-match-1.0.2.tgz?cache=0&sync_timestamp=1617714298273&other_urls=https%3A%2F%2Fregistry.npm.taobao.org%2Fbalanced-match%2Fdownload%2Fbalanced-match-1.0.2.tgz",
      "integrity": "sha1-6D46fj8wCzTLnYf2FfoMvzV2kO4="
    },
    "brace-expansion": {
      "version": "1.1.11",
      "resolved": "https://registry.npm.taobao.org/brace-expansion/download/brace-expansion-1.1.11.tgz?cache=0&sync_timestamp=1614010785257&other_urls=https%3A%2F%2Fregistry.npm.taobao.org%2Fbrace-expansion%2Fdownload%2Fbrace-expansion-1.1.11.tgz",
      "integrity": "sha1-PH/L9SnYcibz0vUrlm/1Jx60Qd0=",
      "requires": {
        "balanced-match": "^1.0.0",
        "concat-map": "0.0.1"
      }
    },
    "chalk": {
      "version": "4.1.0",
      "resolved": "https://registry.npm.taobao.org/chalk/download/chalk-4.1.0.tgz",
      "integrity": "sha1-ThSHCmGNni7dl92DRf2dncMVZGo=",
      "requires": {
        "ansi-styles": "^4.1.0",
        "supports-color": "^7.1.0"
      }
    },
    "chardet": {
      "version": "0.7.0",
      "resolved": "https://registry.npm.taobao.org/chardet/download/chardet-0.7.0.tgz",
      "integrity": "sha1-kAlISfCTfy7twkJdDSip5fDLrZ4="
    },
    "chromium-pickle-js": {
      "version": "0.2.0",
      "resolved": "https://registry.npm.taobao.org/chromium-pickle-js/download/chromium-pickle-js-0.2.0.tgz",
      "integrity": "sha1-BKEGZywYsIWrd02YPfo+oTjyIgU="
    },
    "cli-cursor": {
      "version": "3.1.0",
      "resolved": "https://registry.npm.taobao.org/cli-cursor/download/cli-cursor-3.1.0.tgz",
      "integrity": "sha1-JkMFp65JDR0Dvwybp8kl0XU68wc=",
      "requires": {
        "restore-cursor": "^3.1.0"
      }
    },
    "cli-width": {
      "version": "3.0.0",
      "resolved": "https://registry.npm.taobao.org/cli-width/download/cli-width-3.0.0.tgz",
      "integrity": "sha1-ovSEN6LKqaIkNueUvwceyeYc7fY="
    },
    "color-convert": {
      "version": "2.0.1",
      "resolved": "https://registry.npm.taobao.org/color-convert/download/color-convert-2.0.1.tgz?cache=0&other_urls=https%3A%2F%2Fregistry.npm.taobao.org%2Fcolor-convert%2Fdownload%2Fcolor-convert-2.0.1.tgz",
      "integrity": "sha1-ctOmjVmMm9s68q0ehPIdiWq9TeM=",
      "requires": {
        "color-name": "~1.1.4"
      }
    },
    "color-name": {
      "version": "1.1.4",
      "resolved": "https://registry.npm.taobao.org/color-name/download/color-name-1.1.4.tgz",
      "integrity": "sha1-wqCah6y95pVD3m9j+jmVyCbFNqI="
    },
    "commander": {
      "version": "5.1.0",
      "resolved": "https://registry.npm.taobao.org/commander/download/commander-5.1.0.tgz",
      "integrity": "sha1-Rqu9FlL44Fm92u+Zu9yyrZzxea4="
    },
    "concat-map": {
      "version": "0.0.1",
      "resolved": "https://registry.npm.taobao.org/concat-map/download/concat-map-0.0.1.tgz",
      "integrity": "sha1-2Klr13/Wjfd5OnMDajug1UBdR3s="
    },
    "emoji-regex": {
      "version": "8.0.0",
      "resolved": "https://registry.npm.taobao.org/emoji-regex/download/emoji-regex-8.0.0.tgz?cache=0&sync_timestamp=1614682725186&other_urls=https%3A%2F%2Fregistry.npm.taobao.org%2Femoji-regex%2Fdownload%2Femoji-regex-8.0.0.tgz",
      "integrity": "sha1-6Bj9ac5cz8tARZT4QpY79TFkzDc="
    },
    "escape-string-regexp": {
      "version": "1.0.5",
      "resolved": "https://registry.npm.taobao.org/escape-string-regexp/download/escape-string-regexp-1.0.5.tgz",
      "integrity": "sha1-G2HAViGQqN/2rjuyzwIAyhMLhtQ="
    },
    "external-editor": {
      "version": "3.1.0",
      "resolved": "https://registry.npm.taobao.org/external-editor/download/external-editor-3.1.0.tgz",
      "integrity": "sha1-ywP3QL764D6k0oPK7SdBqD8zVJU=",
      "requires": {
        "chardet": "^0.7.0",
        "iconv-lite": "^0.4.24",
        "tmp": "^0.0.33"
      }
    },
    "figures": {
      "version": "3.2.0",
      "resolved": "https://registry.npm.taobao.org/figures/download/figures-3.2.0.tgz",
      "integrity": "sha1-YlwYvSk8YE3EqN2y/r8MiDQXRq8=",
      "requires": {
        "escape-string-regexp": "^1.0.5"
      }
    },
    "fs-extra": {
      "version": "9.1.0",
      "resolved": "https://registry.npm.taobao.org/fs-extra/download/fs-extra-9.1.0.tgz?cache=0&sync_timestamp=1611075555649&other_urls=https%3A%2F%2Fregistry.npm.taobao.org%2Ffs-extra%2Fdownload%2Ffs-extra-9.1.0.tgz",
      "integrity": "sha1-WVRGDHZKjaIJS6NVS/g55rmnyG0=",
      "requires": {
        "at-least-node": "^1.0.0",
        "graceful-fs": "^4.2.0",
        "jsonfile": "^6.0.1",
        "universalify": "^2.0.0"
      }
    },
    "fs.realpath": {
      "version": "1.0.0",
      "resolved": "https://registry.npm.taobao.org/fs.realpath/download/fs.realpath-1.0.0.tgz",
      "integrity": "sha1-FQStJSMVjKpA20onh8sBQRmU6k8="
    },
    "glob": {
      "version": "7.1.6",
      "resolved": "https://registry.npm.taobao.org/glob/download/glob-7.1.6.tgz?cache=0&sync_timestamp=1573078079496&other_urls=https%3A%2F%2Fregistry.npm.taobao.org%2Fglob%2Fdownload%2Fglob-7.1.6.tgz",
      "integrity": "sha1-FB8zuBp8JJLhJVlDB0gMRmeSeKY=",
      "requires": {
        "fs.realpath": "^1.0.0",
        "inflight": "^1.0.4",
        "inherits": "2",
        "minimatch": "^3.0.4",
        "once": "^1.3.0",
        "path-is-absolute": "^1.0.0"
      }
    },
    "graceful-fs": {
      "version": "4.2.6",
      "resolved": "https://registry.npm.taobao.org/graceful-fs/download/graceful-fs-4.2.6.tgz",
      "integrity": "sha1-/wQLKwhTsjw9MQJ1I3BvGIXXa+4="
    },
    "has-flag": {
      "version": "4.0.0",
      "resolved": "https://registry.npm.taobao.org/has-flag/download/has-flag-4.0.0.tgz",
      "integrity": "sha1-lEdx/ZyByBJlxNaUGGDaBrtZR5s="
    },
    "iconv-lite": {
      "version": "0.4.24",
      "resolved": "https://registry.npm.taobao.org/iconv-lite/download/iconv-lite-0.4.24.tgz",
      "integrity": "sha1-ICK0sl+93CHS9SSXSkdKr+czkIs=",
      "requires": {
        "safer-buffer": ">= 2.1.2 < 3"
      }
    },
    "inflight": {
      "version": "1.0.6",
      "resolved": "https://registry.npm.taobao.org/inflight/download/inflight-1.0.6.tgz",
      "integrity": "sha1-Sb1jMdfQLQwJvJEKEHW6gWW1bfk=",
      "requires": {
        "once": "^1.3.0",
        "wrappy": "1"
      }
    },
    "inherits": {
      "version": "2.0.4",
      "resolved": "https://registry.npm.taobao.org/inherits/download/inherits-2.0.4.tgz",
      "integrity": "sha1-D6LGT5MpF8NDOg3tVTY6rjdBa3w="
    },
    "inquirer": {
      "version": "8.0.0",
      "resolved": "https://registry.npm.taobao.org/inquirer/download/inquirer-8.0.0.tgz?cache=0&sync_timestamp=1614296694538&other_urls=https%3A%2F%2Fregistry.npm.taobao.org%2Finquirer%2Fdownload%2Finquirer-8.0.0.tgz",
      "integrity": "sha1-lXpG2xq88P3Sq4Let0cOkK/H0Kw=",
      "requires": {
        "ansi-escapes": "^4.2.1",
        "chalk": "^4.1.0",
        "cli-cursor": "^3.1.0",
        "cli-width": "^3.0.0",
        "external-editor": "^3.0.3",
        "figures": "^3.0.0",
        "lodash": "^4.17.21",
        "mute-stream": "0.0.8",
        "run-async": "^2.4.0",
        "rxjs": "^6.6.6",
        "string-width": "^4.1.0",
        "strip-ansi": "^6.0.0",
        "through": "^2.3.6"
      }
    },
    "is-fullwidth-code-point": {
      "version": "3.0.0",
      "resolved": "https://registry.npm.taobao.org/is-fullwidth-code-point/download/is-fullwidth-code-point-3.0.0.tgz",
      "integrity": "sha1-8Rb4Bk/pCz94RKOJl8C3UFEmnx0="
    },
    "jsonfile": {
      "version": "6.1.0",
      "resolved": "https://registry.npm.taobao.org/jsonfile/download/jsonfile-6.1.0.tgz?cache=0&sync_timestamp=1604161912962&other_urls=https%3A%2F%2Fregistry.npm.taobao.org%2Fjsonfile%2Fdownload%2Fjsonfile-6.1.0.tgz",
      "integrity": "sha1-vFWyY0eTxnnsZAMJTrE2mKbsCq4=",
      "requires": {
        "graceful-fs": "^4.1.6",
        "universalify": "^2.0.0"
      }
    },
    "lodash": {
      "version": "4.17.21",
      "resolved": "https://registry.npm.taobao.org/lodash/download/lodash-4.17.21.tgz",
      "integrity": "sha1-Z5WRxWTDv/quhFTPCz3zcMPWkRw="
    },
    "lru-cache": {
      "version": "6.0.0",
      "resolved": "https://registry.npm.taobao.org/lru-cache/download/lru-cache-6.0.0.tgz?cache=0&sync_timestamp=1594427519396&other_urls=https%3A%2F%2Fregistry.npm.taobao.org%2Flru-cache%2Fdownload%2Flru-cache-6.0.0.tgz",
      "integrity": "sha1-bW/mVw69lqr5D8rR2vo7JWbbOpQ=",
      "requires": {
        "yallist": "^4.0.0"
      }
    },
    "mimic-fn": {
      "version": "2.1.0",
      "resolved": "https://registry.npm.taobao.org/mimic-fn/download/mimic-fn-2.1.0.tgz?cache=0&sync_timestamp=1617823691963&other_urls=https%3A%2F%2Fregistry.npm.taobao.org%2Fmimic-fn%2Fdownload%2Fmimic-fn-2.1.0.tgz",
      "integrity": "sha1-ftLCzMyvhNP/y3pptXcR/CCDQBs="
    },
    "minimatch": {
      "version": "3.0.4",
      "resolved": "https://registry.npm.taobao.org/minimatch/download/minimatch-3.0.4.tgz",
      "integrity": "sha1-UWbihkV/AzBgZL5Ul+jbsMPTIIM=",
      "requires": {
        "brace-expansion": "^1.1.7"
      }
    },
    "mute-stream": {
      "version": "0.0.8",
      "resolved": "https://registry.npm.taobao.org/mute-stream/download/mute-stream-0.0.8.tgz",
      "integrity": "sha1-FjDEKyJR/4HiooPelqVJfqkuXg0="
    },
    "once": {
      "version": "1.4.0",
      "resolved": "https://registry.npm.taobao.org/once/download/once-1.4.0.tgz",
      "integrity": "sha1-WDsap3WWHUsROsF9nFC6753Xa9E=",
      "requires": {
        "wrappy": "1"
      }
    },
    "onetime": {
      "version": "5.1.2",
      "resolved": "https://registry.npm.taobao.org/onetime/download/onetime-5.1.2.tgz",
      "integrity": "sha1-0Oluu1awdHbfHdnEgG5SN5hcpF4=",
      "requires": {
        "mimic-fn": "^2.1.0"
      }
    },
    "os-tmpdir": {
      "version": "1.0.2",
      "resolved": "https://registry.npm.taobao.org/os-tmpdir/download/os-tmpdir-1.0.2.tgz",
      "integrity": "sha1-u+Z0BseaqFxc/sdm/lc0VV36EnQ="
    },
    "path-is-absolute": {
      "version": "1.0.1",
      "resolved": "https://registry.npm.taobao.org/path-is-absolute/download/path-is-absolute-1.0.1.tgz",
      "integrity": "sha1-F0uSaHNVNP+8es5r9TpanhtcX18="
    },
    "restore-cursor": {
      "version": "3.1.0",
      "resolved": "https://registry.npm.taobao.org/restore-cursor/download/restore-cursor-3.1.0.tgz",
      "integrity": "sha1-OfZ8VLOnpYzqUjbZXPADQjljH34=",
      "requires": {
        "onetime": "^5.1.0",
        "signal-exit": "^3.0.2"
      }
    },
    "run-async": {
      "version": "2.4.1",
      "resolved": "https://registry.npm.taobao.org/run-async/download/run-async-2.4.1.tgz",
      "integrity": "sha1-hEDsz5nqPnC9QJ1JqriOEMGJpFU="
    },
    "rxjs": {
      "version": "6.6.7",
      "resolved": "https://registry.npm.taobao.org/rxjs/download/rxjs-6.6.7.tgz",
      "integrity": "sha1-kKwBisq/SRv2UEQjXVhjxNq4BMk=",
      "requires": {
        "tslib": "^1.9.0"
      }
    },
    "safer-buffer": {
      "version": "2.1.2",
      "resolved": "https://registry.npm.taobao.org/safer-buffer/download/safer-buffer-2.1.2.tgz",
      "integrity": "sha1-RPoWGwGHuVSd2Eu5GAL5vYOFzWo="
    },
    "semver": {
      "version": "7.3.5",
      "resolved": "https://registry.npm.taobao.org/semver/download/semver-7.3.5.tgz?cache=0&sync_timestamp=1616463540350&other_urls=https%3A%2F%2Fregistry.npm.taobao.org%2Fsemver%2Fdownload%2Fsemver-7.3.5.tgz",
      "integrity": "sha1-C2Ich5NI2JmOSw5L6Us/EuYBjvc=",
      "requires": {
        "lru-cache": "^6.0.0"
      }
    },
    "signal-exit": {
      "version": "3.0.3",
      "resolved": "https://registry.npm.taobao.org/signal-exit/download/signal-exit-3.0.3.tgz",
      "integrity": "sha1-oUEMLt2PB3sItOJTyOrPyvBXRhw="
    },
    "string-width": {
      "version": "4.2.2",
      "resolved": "https://registry.npm.taobao.org/string-width/download/string-width-4.2.2.tgz?cache=0&sync_timestamp=1614522217971&other_urls=https%3A%2F%2Fregistry.npm.taobao.org%2Fstring-width%2Fdownload%2Fstring-width-4.2.2.tgz",
      "integrity": "sha1-2v1PlVmnWFz7pSnGoKT3NIjr1MU=",
      "requires": {
        "emoji-regex": "^8.0.0",
        "is-fullwidth-code-point": "^3.0.0",
        "strip-ansi": "^6.0.0"
      }
    },
    "strip-ansi": {
      "version": "6.0.0",
      "resolved": "https://registry.npm.taobao.org/strip-ansi/download/strip-ansi-6.0.0.tgz",
      "integrity": "sha1-CxVx3XZpzNTz4G4U7x7tJiJa5TI=",
      "requires": {
        "ansi-regex": "^5.0.0"
      }
    },
    "supports-color": {
      "version": "7.2.0",
      "resolved": "https://registry.npm.taobao.org/supports-color/download/supports-color-7.2.0.tgz?cache=0&sync_timestamp=1611394023277&other_urls=https%3A%2F%2Fregistry.npm.taobao.org%2Fsupports-color%2Fdownload%2Fsupports-color-7.2.0.tgz",
      "integrity": "sha1-G33NyzK4E4gBs+R4umpRyqiWSNo=",
      "requires": {
        "has-flag": "^4.0.0"
      }
    },
    "through": {
      "version": "2.3.8",
      "resolved": "https://registry.npm.taobao.org/through/download/through-2.3.8.tgz",
      "integrity": "sha1-DdTJ/6q8NXlgsbckEV1+Doai4fU="
    },
    "tmp": {
      "version": "0.0.33",
      "resolved": "https://registry.npm.taobao.org/tmp/download/tmp-0.0.33.tgz",
      "integrity": "sha1-bTQzWIl2jSGyvNoKonfO07G/rfk=",
      "requires": {
        "os-tmpdir": "~1.0.2"
      }
    },
    "tslib": {
      "version": "1.14.1",
      "resolved": "https://registry.npm.taobao.org/tslib/download/tslib-1.14.1.tgz?cache=0&sync_timestamp=1617648005378&other_urls=https%3A%2F%2Fregistry.npm.taobao.org%2Ftslib%2Fdownload%2Ftslib-1.14.1.tgz",
      "integrity": "sha1-zy04vcNKE0vK8QkcQfZhni9nLQA="
    },
    "type-fest": {
      "version": "0.21.3",
      "resolved": "https://registry.npm.taobao.org/type-fest/download/type-fest-0.21.3.tgz?cache=0&sync_timestamp=1616514450961&other_urls=https%3A%2F%2Fregistry.npm.taobao.org%2Ftype-fest%2Fdownload%2Ftype-fest-0.21.3.tgz",
      "integrity": "sha1-0mCiSwGYQ24TP6JqUkptZfo7Ljc="
    },
    "universalify": {
      "version": "2.0.0",
      "resolved": "https://registry.npm.taobao.org/universalify/download/universalify-2.0.0.tgz?cache=0&sync_timestamp=1603179970052&other_urls=https%3A%2F%2Fregistry.npm.taobao.org%2Funiversalify%2Fdownload%2Funiversalify-2.0.0.tgz",
      "integrity": "sha1-daSYTv7cSwiXXFrrc/Uw0C3yVxc="
    },
    "wrappy": {
      "version": "1.0.2",
      "resolved": "https://registry.npm.taobao.org/wrappy/download/wrappy-1.0.2.tgz",
      "integrity": "sha1-tSQ9jz7BqjXxNkYFvA0QNuMKtp8="
    },
    "yallist": {
      "version": "4.0.0",
      "resolved": "https://registry.npm.taobao.org/yallist/download/yallist-4.0.0.tgz?cache=0&other_urls=https%3A%2F%2Fregistry.npm.taobao.org%2Fyallist%2Fdownload%2Fyallist-4.0.0.tgz",
      "integrity": "sha1-m7knkNnA7/7GO+c1GeEaNQGaOnI="
    }
  }
}
